// !$*UTF8*$!
{
	archiveVersion = 1;
	classes = {
	};
	objectVersion = 46;
	objects = {

/* Begin PBXBuildFile section */
		E63B339A19FAFBDA007E545E /* TrendingViewController.swift in Sources */ = {isa = PBXBuildFile; fileRef = E63B339919FAFBDA007E545E /* TrendingViewController.swift */; };
		E63B339C19FB0042007E545E /* SearchViewController.swift in Sources */ = {isa = PBXBuildFile; fileRef = E63B339B19FB0042007E545E /* SearchViewController.swift */; };
		E66B7D7019FA4CE1006F0699 /* AppDelegate.swift in Sources */ = {isa = PBXBuildFile; fileRef = E66B7D6F19FA4CE1006F0699 /* AppDelegate.swift */; };
		E66B7D7519FA4CE1006F0699 /* Main.storyboard in Resources */ = {isa = PBXBuildFile; fileRef = E66B7D7319FA4CE1006F0699 /* Main.storyboard */; };
		E66B7D7719FA4CE1006F0699 /* Images.xcassets in Resources */ = {isa = PBXBuildFile; fileRef = E66B7D7619FA4CE1006F0699 /* Images.xcassets */; };
		E66B7D7A19FA4CE1006F0699 /* LaunchScreen.xib in Resources */ = {isa = PBXBuildFile; fileRef = E66B7D7819FA4CE1006F0699 /* LaunchScreen.xib */; };
		E66B7D8619FA4CE1006F0699 /* TumblerTests.swift in Sources */ = {isa = PBXBuildFile; fileRef = E66B7D8519FA4CE1006F0699 /* TumblerTests.swift */; };
		E66B7D9019FA518C006F0699 /* TabBarViewController.swift in Sources */ = {isa = PBXBuildFile; fileRef = E66B7D8F19FA518C006F0699 /* TabBarViewController.swift */; };
		E66B7D9219FA5F94006F0699 /* ComposeViewController.swift in Sources */ = {isa = PBXBuildFile; fileRef = E66B7D9119FA5F94006F0699 /* ComposeViewController.swift */; };
		E66B7D9519FAE879006F0699 /* FadeInViewController.swift in Sources */ = {isa = PBXBuildFile; fileRef = E66B7D9419FAE879006F0699 /* FadeInViewController.swift */; };
		E66B7D9719FAED84006F0699 /* LoginViewController.swift in Sources */ = {isa = PBXBuildFile; fileRef = E66B7D9619FAED84006F0699 /* LoginViewController.swift */; };
		E66B7D9919FAF0CA006F0699 /* Util.swift in Sources */ = {isa = PBXBuildFile; fileRef = E66B7D9819FAF0CA006F0699 /* Util.swift */; };
		E66B7D9D19FAF409006F0699 /* CustomViewController.swift in Sources */ = {isa = PBXBuildFile; fileRef = E66B7D9C19FAF409006F0699 /* CustomViewController.swift */; };
/* End PBXBuildFile section */

/* Begin PBXContainerItemProxy section */
		E66B7D8019FA4CE1006F0699 /* PBXContainerItemProxy */ = {
			isa = PBXContainerItemProxy;
			containerPortal = E66B7D6219FA4CE1006F0699 /* Project object */;
			proxyType = 1;
			remoteGlobalIDString = E66B7D6919FA4CE1006F0699;
			remoteInfo = Tumbler;
		};
/* End PBXContainerItemProxy section */

/* Begin PBXFileReference section */
		E63B339919FAFBDA007E545E /* TrendingViewController.swift */ = {isa = PBXFileReference; fileEncoding = 4; lastKnownFileType = sourcecode.swift; path = TrendingViewController.swift; sourceTree = "<group>"; };
		E63B339B19FB0042007E545E /* SearchViewController.swift */ = {isa = PBXFileReference; fileEncoding = 4; lastKnownFileType = sourcecode.swift; path = SearchViewController.swift; sourceTree = "<group>"; };
		E66B7D6A19FA4CE1006F0699 /* Tumbler.app */ = {isa = PBXFileReference; explicitFileType = wrapper.application; includeInIndex = 0; path = Tumbler.app; sourceTree = BUILT_PRODUCTS_DIR; };
		E66B7D6E19FA4CE1006F0699 /* Info.plist */ = {isa = PBXFileReference; lastKnownFileType = text.plist.xml; path = Info.plist; sourceTree = "<group>"; };
		E66B7D6F19FA4CE1006F0699 /* AppDelegate.swift */ = {isa = PBXFileReference; lastKnownFileType = sourcecode.swift; path = AppDelegate.swift; sourceTree = "<group>"; };
		E66B7D7419FA4CE1006F0699 /* Base */ = {isa = PBXFileReference; lastKnownFileType = file.storyboard; name = Base; path = Base.lproj/Main.storyboard; sourceTree = "<group>"; };
		E66B7D7619FA4CE1006F0699 /* Images.xcassets */ = {isa = PBXFileReference; lastKnownFileType = folder.assetcatalog; path = Images.xcassets; sourceTree = "<group>"; };
		E66B7D7919FA4CE1006F0699 /* Base */ = {isa = PBXFileReference; lastKnownFileType = file.xib; name = Base; path = Base.lproj/LaunchScreen.xib; sourceTree = "<group>"; };
		E66B7D7F19FA4CE1006F0699 /* TumblerTests.xctest */ = {isa = PBXFileReference; explicitFileType = wrapper.cfbundle; includeInIndex = 0; path = TumblerTests.xctest; sourceTree = BUILT_PRODUCTS_DIR; };
		E66B7D8419FA4CE1006F0699 /* Info.plist */ = {isa = PBXFileReference; lastKnownFileType = text.plist.xml; path = Info.plist; sourceTree = "<group>"; };
		E66B7D8519FA4CE1006F0699 /* TumblerTests.swift */ = {isa = PBXFileReference; lastKnownFileType = sourcecode.swift; path = TumblerTests.swift; sourceTree = "<group>"; };
		E66B7D8F19FA518C006F0699 /* TabBarViewController.swift */ = {isa = PBXFileReference; fileEncoding = 4; lastKnownFileType = sourcecode.swift; path = TabBarViewController.swift; sourceTree = "<group>"; };
		E66B7D9119FA5F94006F0699 /* ComposeViewController.swift */ = {isa = PBXFileReference; fileEncoding = 4; lastKnownFileType = sourcecode.swift; name = ComposeViewController.swift; path = ../ComposeViewController.swift; sourceTree = "<group>"; };
		E66B7D9419FAE879006F0699 /* FadeInViewController.swift */ = {isa = PBXFileReference; fileEncoding = 4; lastKnownFileType = sourcecode.swift; path = FadeInViewController.swift; sourceTree = "<group>"; };
		E66B7D9619FAED84006F0699 /* LoginViewController.swift */ = {isa = PBXFileReference; fileEncoding = 4; lastKnownFileType = sourcecode.swift; path = LoginViewController.swift; sourceTree = "<group>"; };
		E66B7D9819FAF0CA006F0699 /* Util.swift */ = {isa = PBXFileReference; fileEncoding = 4; lastKnownFileType = sourcecode.swift; path = Util.swift; sourceTree = "<group>"; };
		E66B7D9C19FAF409006F0699 /* CustomViewController.swift */ = {isa = PBXFileReference; fileEncoding = 4; lastKnownFileType = sourcecode.swift; path = CustomViewController.swift; sourceTree = "<group>"; };
/* End PBXFileReference section */

/* Begin PBXFrameworksBuildPhase section */
		E66B7D6719FA4CE1006F0699 /* Frameworks */ = {
			isa = PBXFrameworksBuildPhase;
			buildActionMask = 2147483647;
			files = (
			);
			runOnlyForDeploymentPostprocessing = 0;
		};
		E66B7D7C19FA4CE1006F0699 /* Frameworks */ = {
			isa = PBXFrameworksBuildPhase;
			buildActionMask = 2147483647;
			files = (
			);
			runOnlyForDeploymentPostprocessing = 0;
		};
/* End PBXFrameworksBuildPhase section */

/* Begin PBXGroup section */
		E66B7D6119FA4CE1006F0699 = {
			isa = PBXGroup;
			children = (
				E66B7D6C19FA4CE1006F0699 /* Tumbler */,
				E66B7D8219FA4CE1006F0699 /* TumblerTests */,
				E66B7D6B19FA4CE1006F0699 /* Products */,
			);
			sourceTree = "<group>";
		};
		E66B7D6B19FA4CE1006F0699 /* Products */ = {
			isa = PBXGroup;
			children = (
				E66B7D6A19FA4CE1006F0699 /* Tumbler.app */,
				E66B7D7F19FA4CE1006F0699 /* TumblerTests.xctest */,
			);
			name = Products;
			sourceTree = "<group>";
		};
		E66B7D6C19FA4CE1006F0699 /* Tumbler */ = {
			isa = PBXGroup;
			children = (
				E66B7D9319FACEE5006F0699 /* View Controllers */,
				E66B7D6F19FA4CE1006F0699 /* AppDelegate.swift */,
				E66B7D9819FAF0CA006F0699 /* Util.swift */,
				E66B7D7319FA4CE1006F0699 /* Main.storyboard */,
				E66B7D7619FA4CE1006F0699 /* Images.xcassets */,
				E66B7D7819FA4CE1006F0699 /* LaunchScreen.xib */,
				E66B7D6D19FA4CE1006F0699 /* Supporting Files */,
			);
			path = Tumbler;
			sourceTree = "<group>";
		};
		E66B7D6D19FA4CE1006F0699 /* Supporting Files */ = {
			isa = PBXGroup;
			children = (
				E66B7D6E19FA4CE1006F0699 /* Info.plist */,
			);
			name = "Supporting Files";
			sourceTree = "<group>";
		};
		E66B7D8219FA4CE1006F0699 /* TumblerTests */ = {
			isa = PBXGroup;
			children = (
				E66B7D8519FA4CE1006F0699 /* TumblerTests.swift */,
				E66B7D8319FA4CE1006F0699 /* Supporting Files */,
			);
			path = TumblerTests;
			sourceTree = "<group>";
		};
		E66B7D8319FA4CE1006F0699 /* Supporting Files */ = {
			isa = PBXGroup;
			children = (
				E66B7D8419FA4CE1006F0699 /* Info.plist */,
			);
			name = "Supporting Files";
			sourceTree = "<group>";
		};
		E66B7D9319FACEE5006F0699 /* View Controllers */ = {
			isa = PBXGroup;
			children = (
				E63B339B19FB0042007E545E /* SearchViewController.swift */,
				E63B339919FAFBDA007E545E /* TrendingViewController.swift */,
				E66B7D9619FAED84006F0699 /* LoginViewController.swift */,
				E66B7D9119FA5F94006F0699 /* ComposeViewController.swift */,
				E66B7D8F19FA518C006F0699 /* TabBarViewController.swift */,
				E66B7D9419FAE879006F0699 /* FadeInViewController.swift */,
				E66B7D9C19FAF409006F0699 /* CustomViewController.swift */,
			);
			name = "View Controllers";
			sourceTree = "<group>";
		};
/* End PBXGroup section */

/* Begin PBXNativeTarget section */
		E66B7D6919FA4CE1006F0699 /* Tumbler */ = {
			isa = PBXNativeTarget;
			buildConfigurationList = E66B7D8919FA4CE1006F0699 /* Build configuration list for PBXNativeTarget "Tumbler" */;
			buildPhases = (
				E66B7D6619FA4CE1006F0699 /* Sources */,
				E66B7D6719FA4CE1006F0699 /* Frameworks */,
				E66B7D6819FA4CE1006F0699 /* Resources */,
			);
			buildRules = (
			);
			dependencies = (
			);
			name = Tumbler;
			productName = Tumbler;
			productReference = E66B7D6A19FA4CE1006F0699 /* Tumbler.app */;
			productType = "com.apple.product-type.application";
		};
		E66B7D7E19FA4CE1006F0699 /* TumblerTests */ = {
			isa = PBXNativeTarget;
			buildConfigurationList = E66B7D8C19FA4CE1006F0699 /* Build configuration list for PBXNativeTarget "TumblerTests" */;
			buildPhases = (
				E66B7D7B19FA4CE1006F0699 /* Sources */,
				E66B7D7C19FA4CE1006F0699 /* Frameworks */,
				E66B7D7D19FA4CE1006F0699 /* Resources */,
			);
			buildRules = (
			);
			dependencies = (
				E66B7D8119FA4CE1006F0699 /* PBXTargetDependency */,
			);
			name = TumblerTests;
			productName = TumblerTests;
			productReference = E66B7D7F19FA4CE1006F0699 /* TumblerTests.xctest */;
			productType = "com.apple.product-type.bundle.unit-test";
		};
/* End PBXNativeTarget section */

/* Begin PBXProject section */
		E66B7D6219FA4CE1006F0699 /* Project object */ = {
			isa = PBXProject;
			attributes = {
				LastUpgradeCheck = 0610;
				ORGANIZATIONNAME = "Mel Ludowise";
				TargetAttributes = {
					E66B7D6919FA4CE1006F0699 = {
						CreatedOnToolsVersion = 6.1;
					};
					E66B7D7E19FA4CE1006F0699 = {
						CreatedOnToolsVersion = 6.1;
						TestTargetID = E66B7D6919FA4CE1006F0699;
					};
				};
			};
			buildConfigurationList = E66B7D6519FA4CE1006F0699 /* Build configuration list for PBXProject "Tumbler" */;
			compatibilityVersion = "Xcode 3.2";
			developmentRegion = English;
			hasScannedForEncodings = 0;
			knownRegions = (
				en,
				Base,
			);
			mainGroup = E66B7D6119FA4CE1006F0699;
			productRefGroup = E66B7D6B19FA4CE1006F0699 /* Products */;
			projectDirPath = "";
			projectRoot = "";
			targets = (
				E66B7D6919FA4CE1006F0699 /* Tumbler */,
				E66B7D7E19FA4CE1006F0699 /* TumblerTests */,
			);
		};
/* End PBXProject section */

/* Begin PBXResourcesBuildPhase section */
		E66B7D6819FA4CE1006F0699 /* Resources */ = {
			isa = PBXResourcesBuildPhase;
			buildActionMask = 2147483647;
			files = (
				E66B7D7519FA4CE1006F0699 /* Main.storyboard in Resources */,
				E66B7D7A19FA4CE1006F0699 /* LaunchScreen.xib in Resources */,
				E66B7D7719FA4CE1006F0699 /* Images.xcassets in Resources */,
			);
			runOnlyForDeploymentPostprocessing = 0;
		};
		E66B7D7D19FA4CE1006F0699 /* Resources */ = {
			isa = PBXResourcesBuildPhase;
			buildActionMask = 2147483647;
			files = (
			);
			runOnlyForDeploymentPostprocessing = 0;
		};
/* End PBXResourcesBuildPhase section */

/* Begin PBXSourcesBuildPhase section */
		E66B7D6619FA4CE1006F0699 /* Sources */ = {
			isa = PBXSourcesBuildPhase;
			buildActionMask = 2147483647;
			files = (
				E66B7D9519FAE879006F0699 /* FadeInViewController.swift in Sources */,
				E63B339A19FAFBDA007E545E /* TrendingViewController.swift in Sources */,
				E66B7D9919FAF0CA006F0699 /* Util.swift in Sources */,
				E63B339C19FB0042007E545E /* SearchViewController.swift in Sources */,
				E66B7D9219FA5F94006F0699 /* ComposeViewController.swift in Sources */,
				E66B7D9D19FAF409006F0699 /* CustomViewController.swift in Sources */,
				E66B7D9019FA518C006F0699 /* TabBarViewController.swift in Sources */,
				E66B7D9719FAED84006F0699 /* LoginViewController.swift in Sources */,
				E66B7D7019FA4CE1006F0699 /* AppDelegate.swift in Sources */,
			);
			runOnlyForDeploymentPostprocessing = 0;
		};
		E66B7D7B19FA4CE1006F0699 /* Sources */ = {
			isa = PBXSourcesBuildPhase;
			buildActionMask = 2147483647;
			files = (
				E66B7D8619FA4CE1006F0699 /* TumblerTests.swift in Sources */,
			);
			runOnlyForDeploymentPostprocessing = 0;
		};
/* End PBXSourcesBuildPhase section */

/* Begin PBXTargetDependency section */
		E66B7D8119FA4CE1006F0699 /* PBXTargetDependency */ = {
			isa = PBXTargetDependency;
			target = E66B7D6919FA4CE1006F0699 /* Tumbler */;
			targetProxy = E66B7D8019FA4CE1006F0699 /* PBXContainerItemProxy */;
		};
/* End PBXTargetDependency section */

/* Begin PBXVariantGroup section */
		E66B7D7319FA4CE1006F0699 /* Main.storyboard */ = {
			isa = PBXVariantGroup;
			children = (
				E66B7D7419FA4CE1006F0699 /* Base */,
			);
			name = Main.storyboard;
			sourceTree = "<group>";
		};
		E66B7D7819FA4CE1006F0699 /* LaunchScreen.xib */ = {
			isa = PBXVariantGroup;
			children = (
				E66B7D7919FA4CE1006F0699 /* Base */,
			);
			name = LaunchScreen.xib;
			sourceTree = "<group>";
		};
/* End PBXVariantGroup section */

/* Begin XCBuildConfiguration section */
		E66B7D8719FA4CE1006F0699 /* Debug */ = {
			isa = XCBuildConfiguration;
			buildSettings = {
				ALWAYS_SEARCH_USER_PATHS = NO;
				CLANG_CXX_LANGUAGE_STANDARD = "gnu++0x";
				CLANG_CXX_LIBRARY = "libc++";
				CLANG_ENABLE_MODULES = YES;
				CLANG_ENABLE_OBJC_ARC = YES;
				CLANG_WARN_BOOL_CONVERSION = YES;
				CLANG_WARN_CONSTANT_CONVERSION = YES;
				CLANG_WARN_DIRECT_OBJC_ISA_USAGE = YES_ERROR;
				CLANG_WARN_EMPTY_BODY = YES;
				CLANG_WARN_ENUM_CONVERSION = YES;
				CLANG_WARN_INT_CONVERSION = YES;
				CLANG_WARN_OBJC_ROOT_CLASS = YES_ERROR;
				CLANG_WARN_UNREACHABLE_CODE = YES;
				CLANG_WARN__DUPLICATE_METHOD_MATCH = YES;
				"CODE_SIGN_IDENTITY[sdk=iphoneos*]" = "iPhone Developer";
				COPY_PHASE_STRIP = NO;
				ENABLE_STRICT_OBJC_MSGSEND = YES;
				GCC_C_LANGUAGE_STANDARD = gnu99;
				GCC_DYNAMIC_NO_PIC = NO;
				GCC_OPTIMIZATION_LEVEL = 0;
				GCC_PREPROCESSOR_DEFINITIONS = (
					"DEBUG=1",
					"$(inherited)",
				);
				GCC_SYMBOLS_PRIVATE_EXTERN = NO;
				GCC_WARN_64_TO_32_BIT_CONVERSION = YES;
				GCC_WARN_ABOUT_RETURN_TYPE = YES_ERROR;
				GCC_WARN_UNDECLARED_SELECTOR = YES;
				GCC_WARN_UNINITIALIZED_AUTOS = YES_AGGRESSIVE;
				GCC_WARN_UNUSED_FUNCTION = YES;
				GCC_WARN_UNUSED_VARIABLE = YES;
				IPHONEOS_DEPLOYMENT_TARGET = 8.1;
				MTL_ENABLE_DEBUG_INFO = YES;
				ONLY_ACTIVE_ARCH = YES;
				SDKROOT = iphoneos;
				SWIFT_OPTIMIZATION_LEVEL = "-Onone";
			};
			name = Debug;
		};
		E66B7D8819FA4CE1006F0699 /* Release */ = {
			isa = XCBuildConfiguration;
			buildSettings = {
				ALWAYS_SEARCH_USER_PATHS = NO;
				CLANG_CXX_LANGUAGE_STANDARD = "gnu++0x";
				CLANG_CXX_LIBRARY = "libc++";
				CLANG_ENABLE_MODULES = YES;
				CLANG_ENABLE_OBJC_ARC = YES;
				CLANG_WARN_BOOL_CONVERSION = YES;
				CLANG_WARN_CONSTANT_CONVERSION = YES;
				CLANG_WARN_DIRECT_OBJC_ISA_USAGE = YES_ERROR;
				CLANG_WARN_EMPTY_BODY = YES;
				CLANG_WARN_ENUM_CONVERSION = YES;
				CLANG_WARN_INT_CONVERSION = YES;
				CLANG_WARN_OBJC_ROOT_CLASS = YES_ERROR;
				CLANG_WARN_UNREACHABLE_CODE = YES;
				CLANG_WARN__DUPLICATE_METHOD_MATCH = YES;
				"CODE_SIGN_IDENTITY[sdk=iphoneos*]" = "iPhone Developer";
				COPY_PHASE_STRIP = YES;
				ENABLE_NS_ASSERTIONS = NO;
				ENABLE_STRICT_OBJC_MSGSEND = YES;
				GCC_C_LANGUAGE_STANDARD = gnu99;
				GCC_WARN_64_TO_32_BIT_CONVERSION = YES;
				GCC_WARN_ABOUT_RETURN_TYPE = YES_ERROR;
				GCC_WARN_UNDECLARED_SELECTOR = YES;
				GCC_WARN_UNINITIALIZED_AUTOS = YES_AGGRESSIVE;
				GCC_WARN_UNUSED_FUNCTION = YES;
				GCC_WARN_UNUSED_VARIABLE = YES;
				IPHONEOS_DEPLOYMENT_TARGET = 8.1;
				MTL_ENABLE_DEBUG_INFO = NO;
				SDKROOT = iphoneos;
				VALIDATE_PRODUCT = YES;
			};
			name = Release;
		};
		E66B7D8A19FA4CE1006F0699 /* Debug */ = {
			isa = XCBuildConfiguration;
			buildSettings = {
				ASSETCATALOG_COMPILER_APPICON_NAME = AppIcon;
				INFOPLIST_FILE = Tumbler/Info.plist;
				LD_RUNPATH_SEARCH_PATHS = "$(inherited) @executable_path/Frameworks";
				PRODUCT_NAME = "$(TARGET_NAME)";
			};
			name = Debug;
		};
		E66B7D8B19FA4CE1006F0699 /* Release */ = {
			isa = XCBuildConfiguration;
			buildSettings = {
				ASSETCATALOG_COMPILER_APPICON_NAME = AppIcon;
				INFOPLIST_FILE = Tumbler/Info.plist;
				LD_RUNPATH_SEARCH_PATHS = "$(inherited) @executable_path/Frameworks";
				PRODUCT_NAME = "$(TARGET_NAME)";
			};
			name = Release;
		};
		E66B7D8D19FA4CE1006F0699 /* Debug */ = {
			isa = XCBuildConfiguration;
			buildSettings = {
				BUNDLE_LOADER = "$(TEST_HOST)";
				FRAMEWORK_SEARCH_PATHS = (
					"$(SDKROOT)/Developer/Library/Frameworks",
					"$(inherited)",
				);
				GCC_PREPROCESSOR_DEFINITIONS = (
					"DEBUG=1",
					"$(inherited)",
				);
				INFOPLIST_FILE = TumblerTests/Info.plist;
				LD_RUNPATH_SEARCH_PATHS = "$(inherited) @executable_path/Frameworks @loader_path/Frameworks";
				PRODUCT_NAME = "$(TARGET_NAME)";
				TEST_HOST = "$(BUILT_PRODUCTS_DIR)/Tumbler.app/Tumbler";
			};
			name = Debug;
		};
		E66B7D8E19FA4CE1006F0699 /* Release */ = {
			isa = XCBuildConfiguration;
			buildSettings = {
				BUNDLE_LOADER = "$(TEST_HOST)";
				FRAMEWORK_SEARCH_PATHS = (
					"$(SDKROOT)/Developer/Library/Frameworks",
					"$(inherited)",
				);
				INFOPLIST_FILE = TumblerTests/Info.plist;
				LD_RUNPATH_SEARCH_PATHS = "$(inherited) @executable_path/Frameworks @loader_path/Frameworks";
				PRODUCT_NAME = "$(TARGET_NAME)";
				TEST_HOST = "$(BUILT_PRODUCTS_DIR)/Tumbler.app/Tumbler";
			};
			name = Release;
		};
/* End XCBuildConfiguration section */

/* Begin XCConfigurationList section */
		E66B7D6519FA4CE1006F0699 /* Build configuration list for PBXProject "Tumbler" */ = {
			isa = XCConfigurationList;
			buildConfigurations = (
				E66B7D8719FA4CE1006F0699 /* Debug */,
				E66B7D8819FA4CE1006F0699 /* Release */,
			);
			defaultConfigurationIsVisible = 0;
			defaultConfigurationName = Release;
		};
		E66B7D8919FA4CE1006F0699 /* Build configuration list for PBXNativeTarget "Tumbler" */ = {
			isa = XCConfigurationList;
			buildConfigurations = (
				E66B7D8A19FA4CE1006F0699 /* Debug */,
				E66B7D8B19FA4CE1006F0699 /* Release */,
			);
			defaultConfigurationIsVisible = 0;
			defaultConfigurationName = Release;
		};
		E66B7D8C19FA4CE1006F0699 /* Build configuration list for PBXNativeTarget "TumblerTests" */ = {
			isa = XCConfigurationList;
			buildConfigurations = (
				E66B7D8D19FA4CE1006F0699 /* Debug */,
				E66B7D8E19FA4CE1006F0699 /* Release */,
			);
			defaultConfigurationIsVisible = 0;
			defaultConfigurationName = Release;
		};
/* End XCConfigurationList section */
	};
	rootObject = E66B7D6219FA4CE1006F0699 /* Project object */;
}
